
Microsoft Visual Studio Solution File, Format Version 12.00
# Visual Studio 14
VisualStudioVersion = 14.0.23107.0
MinimumVisualStudioVersion = 10.0.40219.1
Project("{FAE04EC0-301F-11D3-BF4B-00C04F79EFBC}") = "1.Shapes", "1.Shapes\1.Shapes.csproj", "{A8D7477C-60C7-4591-9A11-6AFE286CE528}"
EndProject
Project("{FAE04EC0-301F-11D3-BF4B-00C04F79EFBC}") = "2.BankOfKurtovoKonare", "2.BankOfKurtovoKonare\2.BankOfKurtovoKonare.csproj", "{A6E13C46-5479-4C36-82EA-6B2293CB754F}"
EndProject
Project("{FAE04EC0-301F-11D3-BF4B-00C04F79EFBC}") = "3.GameEngine", "TheSlum-Skeleton\3.GameEngine.csproj", "{7C6F7F25-2FDB-401F-B1A9-D8CE3BB7308D}"
EndProject
Global
	GlobalSection(SolutionConfigurationPlatforms) = preSolution
		Debug|Any CPU = Debug|Any CPU
		Release|Any CPU = Release|Any CPU
	EndGlobalSection
	GlobalSection(ProjectConfigurationPlatforms) = postSolution
		{A8D7477C-60C7-4591-9A11-6AFE286CE528}.Debug|Any CPU.ActiveCfg = Debug|Any CPU
		{A8D7477C-60C7-4591-9A11-6AFE286CE528}.Debug|Any CPU.Build.0 = Debug|Any CPU
		{A8D7477C-60C7-4591-9A11-6AFE286CE528}.Release|Any CPU.ActiveCfg = Release|Any CPU
		{A8D7477C-60C7-4591-9A11-6AFE286CE528}.Release|Any CPU.Build.0 = Release|Any CPU
		{A6E13C46-5479-4C36-82EA-6B2293CB754F}.Debug|Any CPU.ActiveCfg = Debug|Any CPU
		{A6E13C46-5479-4C36-82EA-6B2293CB754F}.Debug|Any CPU.Build.0 = Debug|Any CPU
		{A6E13C46-5479-4C36-82EA-6B2293CB754F}.Release|Any CPU.ActiveCfg = Release|Any CPU
		{A6E13C46-5479-4C36-82EA-6B2293CB754F}.Release|Any CPU.Build.0 = Release|Any CPU
		{7C6F7F25-2FDB-401F-B1A9-D8CE3BB7308D}.Debug|Any CPU.ActiveCfg = Debug|Any CPU
		{7C6F7F25-2FDB-401F-B1A9-D8CE3BB7308D}.Debug|Any CPU.Build.0 = Debug|Any CPU
		{7C6F7F25-2FDB-401F-B1A9-D8CE3BB7308D}.Release|Any CPU.ActiveCfg = Release|Any CPU
		{7C6F7F25-2FDB-401F-B1A9-D8CE3BB7308D}.Release|Any CPU.Build.0 = Release|Any CPU
	EndGlobalSection
	GlobalSection(SolutionProperties) = preSolution
		HideSolutionNode = FALSE
	EndGlobalSection
EndGlobal
